
Microsoft Visual Studio Solution File, Format Version 12.00
# Visual Studio Version 17
VisualStudioVersion = 17.7.34221.43
MinimumVisualStudioVersion = 10.0.40219.1
Project("{9A19103F-16F7-4668-BE54-9A1E7A4F7556}") = "Rakna", "Rakna\Rakna.csproj", "{1AC33E3C-90E7-48F7-85D4-F9487D61A5CE}"
EndProject
Project("{9A19103F-16F7-4668-BE54-9A1E7A4F7556}") = "Rakna.DAL", "Rakna.DAL\Rakna.DAL.csproj", "{1D013836-5233-425E-8C0F-E2947804119E}"
EndProject
Project("{9A19103F-16F7-4668-BE54-9A1E7A4F7556}") = "Rakna.EF", "RepositoryPatternWithUnitOfWork\Rakna.EF.csproj", "{3581CB2B-0BCE-4301-B59E-2F2BE06A2E78}"
EndProject
Project("{9A19103F-16F7-4668-BE54-9A1E7A4F7556}") = "Rakna.BAL", "Rakna.BAL\Rakna.BAL.csproj", "{892C75AF-4969-4BD3-98A2-B178394260F1}"
EndProject
Project("{FAE04EC0-301F-11D3-BF4B-00C04F79EFBC}") = "Rakna.Common", "Rakna.Common\Rakna.Common.csproj", "{05304C4E-DB2E-4EFB-A382-E31E537F1BAE}"
EndProject
Global
	GlobalSection(SolutionConfigurationPlatforms) = preSolution
		Debug|Any CPU = Debug|Any CPU
		Release|Any CPU = Release|Any CPU
	EndGlobalSection
	GlobalSection(ProjectConfigurationPlatforms) = postSolution
		{1AC33E3C-90E7-48F7-85D4-F9487D61A5CE}.Debug|Any CPU.ActiveCfg = Debug|Any CPU
		{1AC33E3C-90E7-48F7-85D4-F9487D61A5CE}.Debug|Any CPU.Build.0 = Debug|Any CPU
		{1AC33E3C-90E7-48F7-85D4-F9487D61A5CE}.Release|Any CPU.ActiveCfg = Release|Any CPU
		{1AC33E3C-90E7-48F7-85D4-F9487D61A5CE}.Release|Any CPU.Build.0 = Release|Any CPU
		{1D013836-5233-425E-8C0F-E2947804119E}.Debug|Any CPU.ActiveCfg = Debug|Any CPU
		{1D013836-5233-425E-8C0F-E2947804119E}.Debug|Any CPU.Build.0 = Debug|Any CPU
		{1D013836-5233-425E-8C0F-E2947804119E}.Release|Any CPU.ActiveCfg = Release|Any CPU
		{1D013836-5233-425E-8C0F-E2947804119E}.Release|Any CPU.Build.0 = Release|Any CPU
		{3581CB2B-0BCE-4301-B59E-2F2BE06A2E78}.Debug|Any CPU.ActiveCfg = Debug|Any CPU
		{3581CB2B-0BCE-4301-B59E-2F2BE06A2E78}.Debug|Any CPU.Build.0 = Debug|Any CPU
		{3581CB2B-0BCE-4301-B59E-2F2BE06A2E78}.Release|Any CPU.ActiveCfg = Release|Any CPU
		{3581CB2B-0BCE-4301-B59E-2F2BE06A2E78}.Release|Any CPU.Build.0 = Release|Any CPU
		{892C75AF-4969-4BD3-98A2-B178394260F1}.Debug|Any CPU.ActiveCfg = Debug|Any CPU
		{892C75AF-4969-4BD3-98A2-B178394260F1}.Debug|Any CPU.Build.0 = Debug|Any CPU
		{892C75AF-4969-4BD3-98A2-B178394260F1}.Release|Any CPU.ActiveCfg = Release|Any CPU
		{892C75AF-4969-4BD3-98A2-B178394260F1}.Release|Any CPU.Build.0 = Release|Any CPU
		{05304C4E-DB2E-4EFB-A382-E31E537F1BAE}.Debug|Any CPU.ActiveCfg = Debug|Any CPU
		{05304C4E-DB2E-4EFB-A382-E31E537F1BAE}.Debug|Any CPU.Build.0 = Debug|Any CPU
		{05304C4E-DB2E-4EFB-A382-E31E537F1BAE}.Release|Any CPU.ActiveCfg = Release|Any CPU
		{05304C4E-DB2E-4EFB-A382-E31E537F1BAE}.Release|Any CPU.Build.0 = Release|Any CPU
	EndGlobalSection
	GlobalSection(SolutionProperties) = preSolution
		HideSolutionNode = FALSE
	EndGlobalSection
	GlobalSection(ExtensibilityGlobals) = postSolution
		SolutionGuid = {8E863742-C712-4FDE-B882-61E94558580D}
	EndGlobalSection
EndGlobal
